{
  "version": 4,
  "terraform_version": "1.1.3",
  "serial": 108,
  "lineage": "cbda97fa-1877-0203-512a-09ca388265b2",
  "outputs": {},
  "resources": [
    {
      "mode": "data",
      "type": "cloudflare_zones",
      "name": "domain",
      "provider": "provider[\"registry.terraform.io/cloudflare/cloudflare\"]",
      "instances": [
        {
          "schema_version": 0,
          "attributes": {
            "filter": [
              {
                "lookup_type": "exact",
                "match": "",
                "name": "kooijman.se",
                "paused": false,
                "status": ""
              }
            ],
            "id": "682a0d1d216cb3531dea222829ce0024",
            "zones": [
              {
                "id": "2bd453b5d605593b0c2161a4570507fc",
                "name": "kooijman.se"
              }
            ]
          },
          "sensitive_attributes": []
        }
      ]
    },
    {
      "mode": "managed",
      "type": "azurerm_cdn_endpoint",
      "name": "staticcontent",
      "provider": "provider[\"registry.terraform.io/hashicorp/azurerm\"]",
      "instances": [
        {
          "schema_version": 1,
          "attributes": {
            "content_types_to_compress": [],
            "delivery_rule": [],
            "geo_filter": [],
            "global_delivery_rule": [],
            "host_name": "static-cdn-endpoint01-d.azureedge.net",
            "id": "/subscriptions/29c25af1-9bcd-4aab-960d-5665914cb916/resourceGroups/ben-dev-svc-staticweb/providers/Microsoft.Cdn/profiles/static-cdn-profile01-d/endpoints/static-cdn-endpoint01-d",
            "is_compression_enabled": false,
            "is_http_allowed": false,
            "is_https_allowed": true,
            "location": "westeurope",
            "name": "static-cdn-endpoint01-d",
            "optimization_type": "",
            "origin": [
              {
                "host_name": "bensvcsaccstaticweb01d.z6.web.core.windows.net",
                "http_port": 80,
                "https_port": 443,
                "name": "bensvcsaccstaticweb01d"
              }
            ],
            "origin_host_header": "bensvcsaccstaticweb01d.z6.web.core.windows.net",
            "origin_path": "",
            "probe_path": "",
            "profile_name": "static-cdn-profile01-d",
            "querystring_caching_behaviour": "IgnoreQueryString",
            "resource_group_name": "ben-dev-svc-staticweb",
            "tags": {},
            "timeouts": null
          },
          "sensitive_attributes": [],
          "private": "eyJlMmJmYjczMC1lY2FhLTExZTYtOGY4OC0zNDM2M2JjN2M0YzAiOnsiY3JlYXRlIjoxODAwMDAwMDAwMDAwLCJkZWxldGUiOjE4MDAwMDAwMDAwMDAsInJlYWQiOjMwMDAwMDAwMDAwMCwidXBkYXRlIjoxODAwMDAwMDAwMDAwfSwic2NoZW1hX3ZlcnNpb24iOiIxIn0=",
          "dependencies": [
            "azurerm_storage_account.staticcontent",
            "azurerm_cdn_profile.staticcontent",
            "azurerm_resource_group.staticcontent"
          ]
        }
      ]
    },
    {
      "mode": "managed",
      "type": "azurerm_cdn_profile",
      "name": "staticcontent",
      "provider": "provider[\"registry.terraform.io/hashicorp/azurerm\"]",
      "instances": [
        {
          "schema_version": 1,
          "attributes": {
            "id": "/subscriptions/29c25af1-9bcd-4aab-960d-5665914cb916/resourceGroups/ben-dev-svc-staticweb/providers/Microsoft.Cdn/profiles/static-cdn-profile01-d",
            "location": "westeurope",
            "name": "static-cdn-profile01-d",
            "resource_group_name": "ben-dev-svc-staticweb",
            "sku": "Standard_Microsoft",
            "tags": {},
            "timeouts": null
          },
          "sensitive_attributes": [],
          "private": "eyJlMmJmYjczMC1lY2FhLTExZTYtOGY4OC0zNDM2M2JjN2M0YzAiOnsiY3JlYXRlIjoxODAwMDAwMDAwMDAwLCJkZWxldGUiOjE4MDAwMDAwMDAwMDAsInJlYWQiOjMwMDAwMDAwMDAwMCwidXBkYXRlIjoxODAwMDAwMDAwMDAwfSwic2NoZW1hX3ZlcnNpb24iOiIxIn0=",
          "dependencies": [
            "azurerm_resource_group.staticcontent"
          ]
        }
      ]
    },
    {
      "mode": "managed",
      "type": "azurerm_resource_group",
      "name": "staticcontent",
      "provider": "provider[\"registry.terraform.io/hashicorp/azurerm\"]",
      "instances": [
        {
          "schema_version": 0,
          "attributes": {
            "id": "/subscriptions/29c25af1-9bcd-4aab-960d-5665914cb916/resourceGroups/ben-dev-svc-staticweb",
            "location": "westeurope",
            "name": "ben-dev-svc-staticweb",
            "tags": {},
            "timeouts": null
          },
          "sensitive_attributes": [],
          "private": "eyJlMmJmYjczMC1lY2FhLTExZTYtOGY4OC0zNDM2M2JjN2M0YzAiOnsiY3JlYXRlIjo1NDAwMDAwMDAwMDAwLCJkZWxldGUiOjU0MDAwMDAwMDAwMDAsInJlYWQiOjMwMDAwMDAwMDAwMCwidXBkYXRlIjo1NDAwMDAwMDAwMDAwfX0="
        }
      ]
    },
    {
      "mode": "managed",
      "type": "azurerm_storage_account",
      "name": "staticcontent",
      "provider": "provider[\"registry.terraform.io/hashicorp/azurerm\"]",
      "instances": [
        {
          "schema_version": 2,
          "attributes": {
            "access_tier": "Hot",
            "account_kind": "StorageV2",
            "account_replication_type": "LRS",
            "account_tier": "Standard",
            "allow_blob_public_access": false,
            "azure_files_authentication": [],
            "blob_properties": [
              {
                "change_feed_enabled": false,
                "container_delete_retention_policy": [],
                "cors_rule": [],
                "default_service_version": "",
                "delete_retention_policy": [],
                "last_access_time_enabled": false,
                "versioning_enabled": false
              }
            ],
            "custom_domain": [
              {
                "name": "tech.kooijman.se",
                "use_subdomain": true
              }
            ],
            "enable_https_traffic_only": true,
            "id": "/subscriptions/29c25af1-9bcd-4aab-960d-5665914cb916/resourceGroups/ben-dev-svc-staticweb/providers/Microsoft.Storage/storageAccounts/bensvcsaccstaticweb01d",
            "identity": [],
            "infrastructure_encryption_enabled": false,
            "is_hns_enabled": false,
            "large_file_share_enabled": null,
            "location": "westeurope",
            "min_tls_version": "TLS1_2",
            "name": "bensvcsaccstaticweb01d",
            "network_rules": [
              {
                "bypass": [
                  "AzureServices"
                ],
                "default_action": "Deny",
                "ip_rules": [
                  "92.34.51.31"
                ],
                "private_link_access": [],
                "virtual_network_subnet_ids": []
              }
            ],
            "nfsv3_enabled": false,
            "primary_access_key": "Uqb9v6eodn+mHn6rZ49L0cunmUee82OyG9/ZrzXD0F71bAPNHSSdnlCMZC2AmOHGU74OTQlCTc4JoIeMwadrGQ==",
            "primary_blob_connection_string": "DefaultEndpointsProtocol=https;BlobEndpoint=https://bensvcsaccstaticweb01d.blob.core.windows.net/;AccountName=bensvcsaccstaticweb01d;AccountKey=Uqb9v6eodn+mHn6rZ49L0cunmUee82OyG9/ZrzXD0F71bAPNHSSdnlCMZC2AmOHGU74OTQlCTc4JoIeMwadrGQ==",
            "primary_blob_endpoint": "https://bensvcsaccstaticweb01d.blob.core.windows.net/",
            "primary_blob_host": "bensvcsaccstaticweb01d.blob.core.windows.net",
            "primary_connection_string": "DefaultEndpointsProtocol=https;AccountName=bensvcsaccstaticweb01d;AccountKey=Uqb9v6eodn+mHn6rZ49L0cunmUee82OyG9/ZrzXD0F71bAPNHSSdnlCMZC2AmOHGU74OTQlCTc4JoIeMwadrGQ==;EndpointSuffix=core.windows.net",
            "primary_dfs_endpoint": "https://bensvcsaccstaticweb01d.dfs.core.windows.net/",
            "primary_dfs_host": "bensvcsaccstaticweb01d.dfs.core.windows.net",
            "primary_file_endpoint": "https://bensvcsaccstaticweb01d.file.core.windows.net/",
            "primary_file_host": "bensvcsaccstaticweb01d.file.core.windows.net",
            "primary_location": "westeurope",
            "primary_queue_endpoint": "https://bensvcsaccstaticweb01d.queue.core.windows.net/",
            "primary_queue_host": "bensvcsaccstaticweb01d.queue.core.windows.net",
            "primary_table_endpoint": "https://bensvcsaccstaticweb01d.table.core.windows.net/",
            "primary_table_host": "bensvcsaccstaticweb01d.table.core.windows.net",
            "primary_web_endpoint": "https://bensvcsaccstaticweb01d.z6.web.core.windows.net/",
            "primary_web_host": "bensvcsaccstaticweb01d.z6.web.core.windows.net",
            "queue_encryption_key_type": "Service",
            "queue_properties": [
              {
                "cors_rule": [],
                "hour_metrics": [
                  {
                    "enabled": true,
                    "include_apis": true,
                    "retention_policy_days": 7,
                    "version": "1.0"
                  }
                ],
                "logging": [
                  {
                    "delete": false,
                    "read": false,
                    "retention_policy_days": 0,
                    "version": "1.0",
                    "write": false
                  }
                ],
                "minute_metrics": [
                  {
                    "enabled": false,
                    "include_apis": false,
                    "retention_policy_days": 0,
                    "version": "1.0"
                  }
                ]
              }
            ],
            "resource_group_name": "ben-dev-svc-staticweb",
            "routing": [],
            "secondary_access_key": "J0FEGTgLYMsUVdjzKW69A2b3Rb3VIdxkyGkJl25UJXR8sWlppIWZNXMQO8ghrwM9GfOI77UI4KcFv2yP2PL2BQ==",
            "secondary_blob_connection_string": "",
            "secondary_blob_endpoint": null,
            "secondary_blob_host": null,
            "secondary_connection_string": "DefaultEndpointsProtocol=https;AccountName=bensvcsaccstaticweb01d;AccountKey=J0FEGTgLYMsUVdjzKW69A2b3Rb3VIdxkyGkJl25UJXR8sWlppIWZNXMQO8ghrwM9GfOI77UI4KcFv2yP2PL2BQ==;EndpointSuffix=core.windows.net",
            "secondary_dfs_endpoint": null,
            "secondary_dfs_host": null,
            "secondary_file_endpoint": null,
            "secondary_file_host": null,
            "secondary_location": "",
            "secondary_queue_endpoint": null,
            "secondary_queue_host": null,
            "secondary_table_endpoint": null,
            "secondary_table_host": null,
            "secondary_web_endpoint": null,
            "secondary_web_host": null,
            "share_properties": [
              {
                "cors_rule": [],
                "retention_policy": [
                  {
                    "days": 7
                  }
                ],
                "smb": []
              }
            ],
            "shared_access_key_enabled": true,
            "static_website": [
              {
                "error_404_document": "",
                "index_document": "index.html"
              }
            ],
            "table_encryption_key_type": "Service",
            "tags": {
              "environment": "live"
            },
            "timeouts": null
          },
          "sensitive_attributes": [],
          "private": "eyJlMmJmYjczMC1lY2FhLTExZTYtOGY4OC0zNDM2M2JjN2M0YzAiOnsiY3JlYXRlIjozNjAwMDAwMDAwMDAwLCJkZWxldGUiOjM2MDAwMDAwMDAwMDAsInJlYWQiOjMwMDAwMDAwMDAwMCwidXBkYXRlIjozNjAwMDAwMDAwMDAwfSwic2NoZW1hX3ZlcnNpb24iOiIyIn0=",
          "dependencies": [
            "azurerm_resource_group.staticcontent"
          ]
        }
      ]
    },
    {
      "mode": "managed",
      "type": "cloudflare_record",
      "name": "sites",
      "provider": "provider[\"registry.terraform.io/cloudflare/cloudflare\"]",
      "instances": [
        {
          "index_key": "tech",
          "schema_version": 1,
          "attributes": {
            "created_on": "2021-05-03T08:08:57.004075Z",
            "data": {},
            "hostname": "tech.kooijman.se",
            "id": "43aad3ce3a4b298d992c488d7a06c568",
            "metadata": {
              "auto_added": "false",
              "managed_by_apps": "false",
              "managed_by_argo_tunnel": "false",
              "source": "primary"
            },
            "modified_on": "2021-05-03T08:08:57.004075Z",
            "name": "tech.kooijman.se",
            "priority": null,
            "proxiable": true,
            "proxied": false,
            "timeouts": null,
            "ttl": 1,
            "type": "CNAME",
            "value": "static-cdn-endpoint01-d.azureedge.net",
            "zone_id": "2bd453b5d605593b0c2161a4570507fc"
          },
          "sensitive_attributes": [],
          "private": "eyJlMmJmYjczMC1lY2FhLTExZTYtOGY4OC0zNDM2M2JjN2M0YzAiOnsiY3JlYXRlIjozMDAwMDAwMDAwMCwidXBkYXRlIjozMDAwMDAwMDAwMH0sInNjaGVtYV92ZXJzaW9uIjoiMSJ9",
          "dependencies": [
            "azurerm_cdn_endpoint.staticcontent",
            "azurerm_cdn_profile.staticcontent",
            "azurerm_resource_group.staticcontent",
            "azurerm_storage_account.staticcontent",
            "data.cloudflare_zones.domain"
          ]
        },
        {
          "index_key": "www.tech",
          "schema_version": 1,
          "attributes": {
            "created_on": "2021-05-03T08:08:56.739283Z",
            "data": {},
            "hostname": "www.tech.kooijman.se",
            "id": "00b8b726945c7ea32e6a72965ede5804",
            "metadata": {
              "auto_added": "false",
              "managed_by_apps": "false",
              "managed_by_argo_tunnel": "false",
              "source": "primary"
            },
            "modified_on": "2021-05-03T08:08:56.739283Z",
            "name": "www.tech.kooijman.se",
            "priority": null,
            "proxiable": true,
            "proxied": false,
            "timeouts": null,
            "ttl": 1,
            "type": "CNAME",
            "value": "static-cdn-endpoint01-d.azureedge.net",
            "zone_id": "2bd453b5d605593b0c2161a4570507fc"
          },
          "sensitive_attributes": [],
          "private": "eyJlMmJmYjczMC1lY2FhLTExZTYtOGY4OC0zNDM2M2JjN2M0YzAiOnsiY3JlYXRlIjozMDAwMDAwMDAwMCwidXBkYXRlIjozMDAwMDAwMDAwMH0sInNjaGVtYV92ZXJzaW9uIjoiMSJ9",
          "dependencies": [
            "azurerm_cdn_endpoint.staticcontent",
            "azurerm_cdn_profile.staticcontent",
            "azurerm_resource_group.staticcontent",
            "azurerm_storage_account.staticcontent",
            "data.cloudflare_zones.domain"
          ]
        }
      ]
    },
    {
      "mode": "managed",
      "type": "null_resource",
      "name": "add_custom_domain",
      "provider": "provider[\"registry.terraform.io/hashicorp/null\"]",
      "instances": [
        {
          "index_key": "tech",
          "schema_version": 0,
          "attributes": {
            "id": "2530801840460962853",
            "triggers": null
          },
          "sensitive_attributes": [],
          "private": "bnVsbA==",
          "dependencies": [
            "data.cloudflare_zones.domain",
            "azurerm_cdn_endpoint.staticcontent",
            "azurerm_cdn_profile.staticcontent",
            "azurerm_resource_group.staticcontent",
            "azurerm_storage_account.staticcontent",
            "cloudflare_record.sites"
          ]
        },
        {
          "index_key": "www.tech",
          "schema_version": 0,
          "attributes": {
            "id": "5758320485580891165",
            "triggers": null
          },
          "sensitive_attributes": [],
          "private": "bnVsbA==",
          "dependencies": [
            "azurerm_storage_account.staticcontent",
            "cloudflare_record.sites",
            "data.cloudflare_zones.domain",
            "azurerm_cdn_endpoint.staticcontent",
            "azurerm_cdn_profile.staticcontent",
            "azurerm_resource_group.staticcontent"
          ]
        }
      ]
    },
    {
      "mode": "managed",
      "type": "null_resource",
      "name": "uploadfile",
      "provider": "provider[\"registry.terraform.io/hashicorp/null\"]",
      "instances": [
        {
          "schema_version": 0,
          "attributes": {
            "id": "1985928503517593326",
            "triggers": {
              "homepage": "368b9a5aa56dc40fe5ccdf5cc3c29552da450a2e72821b90d48111d847ed288f"
            }
          },
          "sensitive_attributes": [],
          "private": "bnVsbA==",
          "dependencies": [
            "azurerm_storage_account.staticcontent"
          ]
        }
      ]
    }
  ]
}
